
Microsoft Visual Studio Solution File, Format Version 11.00
# Visual Studio 2010
Project("{FAE04EC0-301F-11D3-BF4B-00C04F79EFBC}") = "SkypeCallingBot", "SkypeCallingBot\SkypeCallingBot.csproj", "{A0D1DF5A-6777-4DD0-AD97-DB4A13C21DC7}"
EndProject
Global
	GlobalSection(SolutionConfigurationPlatforms) = preSolution
		Debug|x86 = Debug|x86
		Release|x86 = Release|x86
	EndGlobalSection
	GlobalSection(ProjectConfigurationPlatforms) = postSolution
		{A0D1DF5A-6777-4DD0-AD97-DB4A13C21DC7}.Debug|x86.ActiveCfg = Debug|x86
		{A0D1DF5A-6777-4DD0-AD97-DB4A13C21DC7}.Debug|x86.Build.0 = Debug|x86
		{A0D1DF5A-6777-4DD0-AD97-DB4A13C21DC7}.Release|x86.ActiveCfg = Release|x86
		{A0D1DF5A-6777-4DD0-AD97-DB4A13C21DC7}.Release|x86.Build.0 = Release|x86
	EndGlobalSection
	GlobalSection(SolutionProperties) = preSolution
		HideSolutionNode = FALSE
	EndGlobalSection
EndGlobal
